{
  "version": 4,
  "terraform_version": "1.4.5",
  "serial": 277,
  "lineage": "281bc45a-bff2-afa5-b050-8c9632bb102e",
  "outputs": {},
  "resources": [
    {
      "mode": "data",
      "type": "aws_vpc",
      "name": "main",
      "provider": "provider[\"registry.terraform.io/hashicorp/aws\"]",
      "instances": [
        {
          "schema_version": 0,
          "attributes": {
            "arn": "arn:aws:ec2:us-east-1:540828511394:vpc/vpc-0b406d94bf4ca6dc8",
            "cidr_block": "10.0.0.0/16",
            "cidr_block_associations": [
              {
                "association_id": "vpc-cidr-assoc-06b2a46a2cc6c7930",
                "cidr_block": "10.0.0.0/16",
                "state": "associated"
              }
            ],
            "default": false,
            "dhcp_options_id": "dopt-92151ae9",
            "enable_dns_hostnames": false,
            "enable_dns_support": true,
            "enable_network_address_usage_metrics": false,
            "filter": null,
            "id": "vpc-0b406d94bf4ca6dc8",
            "instance_tenancy": "default",
            "ipv6_association_id": "",
            "ipv6_cidr_block": "",
            "main_route_table_id": "rtb-0db1302fea11dc0f5",
            "owner_id": "540828511394",
            "state": null,
            "tags": {
              "Name": "elcy-dev",
              "environment": "dev",
              "project": "Every-shilling",
              "project_owner": "Appslab",
              "region": "us-east-1",
              "repo": "https://github.com/AppsLab-KE/backend-everyshilling-Terraform",
              "terraform": "true"
            },
            "timeouts": null
          },
          "sensitive_attributes": []
        }
      ]
    },
    {
      "mode": "managed",
      "type": "aws_ecs_cluster",
      "name": "web-cluster",
      "provider": "provider[\"registry.terraform.io/hashicorp/aws\"]",
      "instances": [
        {
          "schema_version": 0,
          "attributes": {
            "arn": "arn:aws:ecs:us-east-1:540828511394:cluster/ecs_cluster",
            "capacity_providers": [],
            "configuration": [],
            "default_capacity_provider_strategy": [],
            "id": "arn:aws:ecs:us-east-1:540828511394:cluster/ecs_cluster",
            "name": "ecs_cluster",
            "service_connect_defaults": [],
            "setting": [
              {
                "name": "containerInsights",
                "value": "disabled"
              }
            ],
            "tags": {
              "project_owner": "Appslab"
            },
            "tags_all": {
              "environment": "dev",
              "project": "Every-shilling",
              "project_owner": "Appslab",
              "region": "us-east-1",
              "repo": "https://github.com/AppsLab-KE/backend-everyshilling-Terraform",
              "terraform": "true"
            }
          },
          "sensitive_attributes": [],
          "private": "bnVsbA=="
        }
      ]
    },
    {
      "mode": "managed",
      "type": "aws_ecs_service",
      "name": "service",
      "provider": "provider[\"registry.terraform.io/hashicorp/aws\"]",
      "instances": [
        {
          "schema_version": 0,
          "attributes": {
            "alarms": [],
            "capacity_provider_strategy": [],
            "cluster": "arn:aws:ecs:us-east-1:540828511394:cluster/ecs_cluster",
            "deployment_circuit_breaker": [
              {
                "enable": false,
                "rollback": false
              }
            ],
            "deployment_controller": [
              {
                "type": "ECS"
              }
            ],
            "deployment_maximum_percent": 200,
            "deployment_minimum_healthy_percent": 100,
            "desired_count": 10,
            "enable_ecs_managed_tags": false,
            "enable_execute_command": false,
            "force_new_deployment": null,
            "health_check_grace_period_seconds": 0,
            "iam_role": "aws-service-role",
            "id": "arn:aws:ecs:us-east-1:540828511394:service/ecs_cluster/web-service",
            "launch_type": "EC2",
            "load_balancer": [
              {
                "container_name": "pink-slon",
                "container_port": 80,
                "elb_name": "",
                "target_group_arn": "arn:aws:elasticloadbalancing:us-east-1:540828511394:targetgroup/masha-target-group/1fd1cbf635f74150"
              }
            ],
            "name": "web-service",
            "network_configuration": [],
            "ordered_placement_strategy": [
              {
                "field": "cpu",
                "type": "binpack"
              }
            ],
            "placement_constraints": [],
            "platform_version": "",
            "propagate_tags": "NONE",
            "scheduling_strategy": "REPLICA",
            "service_connect_configuration": [],
            "service_registries": [],
            "tags": {},
            "tags_all": {
              "environment": "dev",
              "project": "Every-shilling",
              "region": "us-east-1",
              "repo": "https://github.com/AppsLab-KE/backend-everyshilling-Terraform",
              "terraform": "true"
            },
            "task_definition": "arn:aws:ecs:us-east-1:540828511394:task-definition/web-family:1",
            "timeouts": null,
            "triggers": {},
            "wait_for_steady_state": false
          },
          "sensitive_attributes": [],
          "private": "eyJlMmJmYjczMC1lY2FhLTExZTYtOGY4OC0zNDM2M2JjN2M0YzAiOnsiY3JlYXRlIjoxMjAwMDAwMDAwMDAwLCJkZWxldGUiOjEyMDAwMDAwMDAwMDAsInVwZGF0ZSI6MTIwMDAwMDAwMDAwMH19",
          "dependencies": [
            "aws_ecs_cluster.web-cluster",
            "aws_ecs_task_definition.task-definition-test",
            "aws_lb.test-lb",
            "aws_lb_listener.web-listener",
            "aws_lb_target_group.lb_target_group",
            "aws_security_group.sg",
            "data.aws_vpc.main",
            "module.vpc.aws_subnet.public",
            "module.vpc.aws_vpc.this",
            "module.vpc.aws_vpc_ipv4_cidr_block_association.this"
          ]
        }
      ]
    },
    {
      "mode": "managed",
      "type": "aws_ecs_task_definition",
      "name": "task-definition-test",
      "provider": "provider[\"registry.terraform.io/hashicorp/aws\"]",
      "instances": [
        {
          "schema_version": 1,
          "attributes": {
            "arn": "arn:aws:ecs:us-east-1:540828511394:task-definition/web-family:1",
            "arn_without_revision": "arn:aws:ecs:us-east-1:540828511394:task-definition/web-family",
            "container_definitions": "[{\"cpu\":10,\"environment\":[],\"essential\":true,\"image\":\"540828511394.dkr.ecr.us-east-1.amazonaws.com/twala:app-auth\",\"logConfiguration\":{\"logDriver\":\"awslogs\",\"options\":{\"awslogs-group\":\"/ecs/frontend-container\",\"awslogs-region\":\"us-east-1\"}},\"memory\":256,\"mountPoints\":[],\"name\":\"pink-slon\",\"portMappings\":[{\"containerPort\":80,\"hostPort\":0,\"protocol\":\"tcp\"}],\"volumesFrom\":[]}]",
            "cpu": "",
            "ephemeral_storage": [],
            "execution_role_arn": "",
            "family": "web-family",
            "id": "web-family",
            "inference_accelerator": [],
            "ipc_mode": "",
            "memory": "",
            "network_mode": "bridge",
            "pid_mode": "",
            "placement_constraints": [],
            "proxy_configuration": [],
            "requires_compatibilities": [],
            "revision": 1,
            "runtime_platform": [],
            "skip_destroy": false,
            "tags": {
              "project_owner": "Appslab"
            },
            "tags_all": {
              "environment": "dev",
              "project": "Every-shilling",
              "project_owner": "Appslab",
              "region": "us-east-1",
              "repo": "https://github.com/AppsLab-KE/backend-everyshilling-Terraform",
              "terraform": "true"
            },
            "task_role_arn": "",
            "volume": []
          },
          "sensitive_attributes": [],
          "private": "eyJzY2hlbWFfdmVyc2lvbiI6IjEifQ=="
        }
      ]
    },
    {
      "mode": "managed",
      "type": "aws_lb",
      "name": "test-lb",
      "provider": "provider[\"registry.terraform.io/hashicorp/aws\"]",
      "instances": [
        {
          "schema_version": 0,
          "attributes": {
            "access_logs": [
              {
                "bucket": "",
                "enabled": false,
                "prefix": ""
              }
            ],
            "arn": "arn:aws:elasticloadbalancing:us-east-1:540828511394:loadbalancer/app/test-ecs-lb/712b5b8a6db1db09",
            "arn_suffix": "app/test-ecs-lb/712b5b8a6db1db09",
            "customer_owned_ipv4_pool": "",
            "desync_mitigation_mode": "defensive",
            "dns_name": "test-ecs-lb-1141286006.us-east-1.elb.amazonaws.com",
            "drop_invalid_header_fields": false,
            "enable_cross_zone_load_balancing": true,
            "enable_deletion_protection": false,
            "enable_http2": true,
            "enable_tls_version_and_cipher_suite_headers": false,
            "enable_waf_fail_open": false,
            "enable_xff_client_port": false,
            "id": "arn:aws:elasticloadbalancing:us-east-1:540828511394:loadbalancer/app/test-ecs-lb/712b5b8a6db1db09",
            "idle_timeout": 60,
            "internal": false,
            "ip_address_type": "ipv4",
            "load_balancer_type": "application",
            "name": "test-ecs-lb",
            "name_prefix": null,
            "preserve_host_header": false,
            "security_groups": [
              "sg-0e6c26b8719bcfea5"
            ],
            "subnet_mapping": [
              {
                "allocation_id": "",
                "ipv6_address": "",
                "outpost_id": "",
                "private_ipv4_address": "",
                "subnet_id": "subnet-011a56c214c7d7544"
              },
              {
                "allocation_id": "",
                "ipv6_address": "",
                "outpost_id": "",
                "private_ipv4_address": "",
                "subnet_id": "subnet-01e3af91da9cd6287"
              },
              {
                "allocation_id": "",
                "ipv6_address": "",
                "outpost_id": "",
                "private_ipv4_address": "",
                "subnet_id": "subnet-08e9593f04c89e893"
              }
            ],
            "subnets": [
              "subnet-011a56c214c7d7544",
              "subnet-01e3af91da9cd6287",
              "subnet-08e9593f04c89e893"
            ],
            "tags": {
              "project_owner": "Appslab"
            },
            "tags_all": {
              "environment": "dev",
              "project": "Every-shilling",
              "project_owner": "Appslab",
              "region": "us-east-1",
              "repo": "https://github.com/AppsLab-KE/backend-everyshilling-Terraform",
              "terraform": "true"
            },
            "timeouts": null,
            "vpc_id": "vpc-0b406d94bf4ca6dc8",
            "xff_header_processing_mode": "append",
            "zone_id": "Z35SXDOTRQ7X7K"
          },
          "sensitive_attributes": [],
          "private": "eyJlMmJmYjczMC1lY2FhLTExZTYtOGY4OC0zNDM2M2JjN2M0YzAiOnsiY3JlYXRlIjo2MDAwMDAwMDAwMDAsImRlbGV0ZSI6NjAwMDAwMDAwMDAwLCJ1cGRhdGUiOjYwMDAwMDAwMDAwMH19",
          "dependencies": [
            "aws_security_group.sg",
            "module.vpc.aws_subnet.public",
            "module.vpc.aws_vpc.this",
            "module.vpc.aws_vpc_ipv4_cidr_block_association.this"
          ]
        }
      ]
    },
    {
      "mode": "managed",
      "type": "aws_lb_listener",
      "name": "web-listener",
      "provider": "provider[\"registry.terraform.io/hashicorp/aws\"]",
      "instances": [
        {
          "schema_version": 0,
          "attributes": {
            "alpn_policy": null,
            "arn": "arn:aws:elasticloadbalancing:us-east-1:540828511394:listener/app/test-ecs-lb/712b5b8a6db1db09/8676ad1d6624b4d6",
            "certificate_arn": null,
            "default_action": [
              {
                "authenticate_cognito": [],
                "authenticate_oidc": [],
                "fixed_response": [],
                "forward": [],
                "order": 1,
                "redirect": [],
                "target_group_arn": "arn:aws:elasticloadbalancing:us-east-1:540828511394:targetgroup/masha-target-group/1fd1cbf635f74150",
                "type": "forward"
              }
            ],
            "id": "arn:aws:elasticloadbalancing:us-east-1:540828511394:listener/app/test-ecs-lb/712b5b8a6db1db09/8676ad1d6624b4d6",
            "load_balancer_arn": "arn:aws:elasticloadbalancing:us-east-1:540828511394:loadbalancer/app/test-ecs-lb/712b5b8a6db1db09",
            "port": 80,
            "protocol": "HTTP",
            "ssl_policy": "",
            "tags": {},
            "tags_all": {
              "environment": "dev",
              "project": "Every-shilling",
              "region": "us-east-1",
              "repo": "https://github.com/AppsLab-KE/backend-everyshilling-Terraform",
              "terraform": "true"
            },
            "timeouts": null
          },
          "sensitive_attributes": [],
          "private": "eyJlMmJmYjczMC1lY2FhLTExZTYtOGY4OC0zNDM2M2JjN2M0YzAiOnsicmVhZCI6NjAwMDAwMDAwMDAwfX0=",
          "dependencies": [
            "aws_lb.test-lb",
            "aws_lb_target_group.lb_target_group",
            "aws_security_group.sg",
            "data.aws_vpc.main",
            "module.vpc.aws_subnet.public",
            "module.vpc.aws_vpc.this",
            "module.vpc.aws_vpc_ipv4_cidr_block_association.this"
          ]
        }
      ]
    },
    {
      "mode": "managed",
      "type": "aws_lb_target_group",
      "name": "lb_target_group",
      "provider": "provider[\"registry.terraform.io/hashicorp/aws\"]",
      "instances": [
        {
          "schema_version": 0,
          "attributes": {
            "arn": "arn:aws:elasticloadbalancing:us-east-1:540828511394:targetgroup/masha-target-group/1fd1cbf635f74150",
            "arn_suffix": "targetgroup/masha-target-group/1fd1cbf635f74150",
            "connection_termination": false,
            "deregistration_delay": "300",
            "health_check": [
              {
                "enabled": true,
                "healthy_threshold": 2,
                "interval": 300,
                "matcher": "200,301,302",
                "path": "/",
                "port": "traffic-port",
                "protocol": "HTTP",
                "timeout": 60,
                "unhealthy_threshold": 10
              }
            ],
            "id": "arn:aws:elasticloadbalancing:us-east-1:540828511394:targetgroup/masha-target-group/1fd1cbf635f74150",
            "ip_address_type": "ipv4",
            "lambda_multi_value_headers_enabled": false,
            "load_balancing_algorithm_type": "round_robin",
            "load_balancing_cross_zone_enabled": "use_load_balancer_configuration",
            "name": "masha-target-group",
            "name_prefix": null,
            "port": 80,
            "preserve_client_ip": null,
            "protocol": "HTTP",
            "protocol_version": "HTTP1",
            "proxy_protocol_v2": false,
            "slow_start": 0,
            "stickiness": [
              {
                "cookie_duration": 86400,
                "cookie_name": "",
                "enabled": false,
                "type": "lb_cookie"
              }
            ],
            "tags": {},
            "tags_all": {
              "environment": "dev",
              "project": "Every-shilling",
              "region": "us-east-1",
              "repo": "https://github.com/AppsLab-KE/backend-everyshilling-Terraform",
              "terraform": "true"
            },
            "target_failover": [
              {
                "on_deregistration": null,
                "on_unhealthy": null
              }
            ],
            "target_type": "instance",
            "vpc_id": "vpc-0b406d94bf4ca6dc8"
          },
          "sensitive_attributes": [],
          "private": "bnVsbA==",
          "dependencies": [
            "data.aws_vpc.main",
            "module.vpc.aws_vpc.this"
          ]
        }
      ]
    },
    {
      "mode": "managed",
      "type": "aws_security_group",
      "name": "sg",
      "provider": "provider[\"registry.terraform.io/hashicorp/aws\"]",
      "instances": [
        {
          "schema_version": 1,
          "attributes": {
            "arn": "arn:aws:ec2:us-east-1:540828511394:security-group/sg-0e6c26b8719bcfea5",
            "description": "Managed by Terraform",
            "egress": [
              {
                "cidr_blocks": [
                  "0.0.0.0/0"
                ],
                "description": "",
                "from_port": 0,
                "ipv6_cidr_blocks": [],
                "prefix_list_ids": [],
                "protocol": "-1",
                "security_groups": [],
                "self": false,
                "to_port": 0
              }
            ],
            "id": "sg-0e6c26b8719bcfea5",
            "ingress": [
              {
                "cidr_blocks": [
                  "0.0.0.0/0"
                ],
                "description": "",
                "from_port": 4010,
                "ipv6_cidr_blocks": [],
                "prefix_list_ids": [],
                "protocol": "tcp",
                "security_groups": [],
                "self": false,
                "to_port": 4010
              },
              {
                "cidr_blocks": [
                  "0.0.0.0/0"
                ],
                "description": "",
                "from_port": 8080,
                "ipv6_cidr_blocks": [],
                "prefix_list_ids": [],
                "protocol": "tcp",
                "security_groups": [],
                "self": false,
                "to_port": 8080
              }
            ],
            "name": "elcy-dev",
            "name_prefix": "",
            "owner_id": "540828511394",
            "revoke_rules_on_delete": false,
            "tags": {
              "project_owner": "Appslab"
            },
            "tags_all": {
              "environment": "dev",
              "project": "Every-shilling",
              "project_owner": "Appslab",
              "region": "us-east-1",
              "repo": "https://github.com/AppsLab-KE/backend-everyshilling-Terraform",
              "terraform": "true"
            },
            "timeouts": null,
            "vpc_id": "vpc-0b406d94bf4ca6dc8"
          },
          "sensitive_attributes": [],
          "private": "eyJlMmJmYjczMC1lY2FhLTExZTYtOGY4OC0zNDM2M2JjN2M0YzAiOnsiY3JlYXRlIjo2MDAwMDAwMDAwMDAsImRlbGV0ZSI6OTAwMDAwMDAwMDAwfSwic2NoZW1hX3ZlcnNpb24iOiIxIn0=",
          "dependencies": [
            "module.vpc.aws_vpc.this"
          ]
        }
      ]
    },
    {
      "module": "module.ec2_instance",
      "mode": "data",
      "type": "aws_partition",
      "name": "current",
      "provider": "provider[\"registry.terraform.io/hashicorp/aws\"]",
      "instances": [
        {
          "schema_version": 0,
          "attributes": {
            "dns_suffix": "amazonaws.com",
            "id": "aws",
            "partition": "aws",
            "reverse_dns_prefix": "com.amazonaws"
          },
          "sensitive_attributes": []
        }
      ]
    },
    {
      "module": "module.ec2_instance",
      "mode": "data",
      "type": "aws_ssm_parameter",
      "name": "this",
      "provider": "provider[\"registry.terraform.io/hashicorp/aws\"]",
      "instances": [
        {
          "index_key": 0,
          "schema_version": 0,
          "attributes": {
            "arn": "arn:aws:ssm:us-east-1::parameter/aws/service/ami-amazon-linux-latest/amzn2-ami-hvm-x86_64-gp2",
            "id": "/aws/service/ami-amazon-linux-latest/amzn2-ami-hvm-x86_64-gp2",
            "name": "/aws/service/ami-amazon-linux-latest/amzn2-ami-hvm-x86_64-gp2",
            "type": "String",
            "value": "ami-05f408238af346b4f",
            "version": 84,
            "with_decryption": true
          },
          "sensitive_attributes": []
        }
      ]
    },
    {
      "module": "module.ec2_instance",
      "mode": "managed",
      "type": "aws_instance",
      "name": "this",
      "provider": "provider[\"registry.terraform.io/hashicorp/aws\"]",
      "instances": [
        {
          "index_key": 0,
          "schema_version": 1,
          "attributes": {
            "ami": "ami-007855ac798b5175e",
            "arn": "arn:aws:ec2:us-east-1:540828511394:instance/i-0e722a1fac188dd31",
            "associate_public_ip_address": true,
            "availability_zone": "us-east-1a",
            "capacity_reservation_specification": [
              {
                "capacity_reservation_preference": "open",
                "capacity_reservation_target": []
              }
            ],
            "cpu_core_count": 2,
            "cpu_threads_per_core": 1,
            "credit_specification": [
              {
                "cpu_credits": "standard"
              }
            ],
            "disable_api_stop": false,
            "disable_api_termination": false,
            "ebs_block_device": [],
            "ebs_optimized": false,
            "enclave_options": [
              {
                "enabled": false
              }
            ],
            "ephemeral_block_device": [],
            "get_password_data": false,
            "hibernation": false,
            "host_id": "",
            "host_resource_group_arn": null,
            "iam_instance_profile": "",
            "id": "i-0e722a1fac188dd31",
            "instance_initiated_shutdown_behavior": "stop",
            "instance_state": "running",
            "instance_type": "t2.medium",
            "ipv6_address_count": 0,
            "ipv6_addresses": [],
            "key_name": "elcy-dev",
            "launch_template": [],
            "maintenance_options": [
              {
                "auto_recovery": "default"
              }
            ],
            "metadata_options": [
              {
                "http_endpoint": "enabled",
                "http_put_response_hop_limit": 1,
                "http_tokens": "optional",
                "instance_metadata_tags": "disabled"
              }
            ],
            "monitoring": false,
            "network_interface": [],
            "outpost_arn": "",
            "password_data": "",
            "placement_group": "",
            "placement_partition_number": 0,
            "primary_network_interface_id": "eni-015e2c4a75183063c",
            "private_dns": "ip-10-0-101-151.ec2.internal",
            "private_dns_name_options": [
              {
                "enable_resource_name_dns_a_record": false,
                "enable_resource_name_dns_aaaa_record": false,
                "hostname_type": "ip-name"
              }
            ],
            "private_ip": "10.0.101.151",
            "public_dns": "",
            "public_ip": "52.90.69.226",
            "root_block_device": [
              {
                "delete_on_termination": true,
                "device_name": "/dev/sda1",
                "encrypted": false,
                "iops": 100,
                "kms_key_id": "",
                "tags": {},
                "throughput": 0,
                "volume_id": "vol-03022dcefe51612f6",
                "volume_size": 8,
                "volume_type": "gp2"
              }
            ],
            "secondary_private_ips": [],
            "security_groups": [],
            "source_dest_check": true,
            "subnet_id": "subnet-01e3af91da9cd6287",
            "tags": {
              "Name": "elcy-dev",
              "project_owner": "Appslab"
            },
            "tags_all": {
              "Name": "elcy-dev",
              "environment": "dev",
              "project": "Every-shilling",
              "project_owner": "Appslab",
              "region": "us-east-1",
              "repo": "https://github.com/AppsLab-KE/backend-everyshilling-Terraform",
              "terraform": "true"
            },
            "tenancy": "default",
            "timeouts": {
              "create": null,
              "delete": null,
              "update": null
            },
            "user_data": null,
            "user_data_base64": null,
            "user_data_replace_on_change": false,
            "volume_tags": {
              "Name": "elcy-dev"
            },
            "vpc_security_group_ids": [
              "sg-0e6c26b8719bcfea5"
            ]
          },
          "sensitive_attributes": [
            [
              {
                "type": "get_attr",
                "value": "ami"
              }
            ]
          ],
          "private": "eyJlMmJmYjczMC1lY2FhLTExZTYtOGY4OC0zNDM2M2JjN2M0YzAiOnsiY3JlYXRlIjo2MDAwMDAwMDAwMDAsImRlbGV0ZSI6MTIwMDAwMDAwMDAwMCwidXBkYXRlIjo2MDAwMDAwMDAwMDB9LCJzY2hlbWFfdmVyc2lvbiI6IjEifQ==",
          "dependencies": [
            "aws_security_group.sg",
            "module.ec2_instance.aws_iam_instance_profile.this",
            "module.ec2_instance.aws_iam_role.this",
            "module.ec2_instance.data.aws_iam_policy_document.assume_role_policy",
            "module.ec2_instance.data.aws_partition.current",
            "module.ec2_instance.data.aws_ssm_parameter.this",
            "module.vpc.aws_subnet.public",
            "module.vpc.aws_vpc.this",
            "module.vpc.aws_vpc_ipv4_cidr_block_association.this"
          ]
        }
      ]
    },
    {
      "module": "module.vpc",
      "mode": "managed",
      "type": "aws_eip",
      "name": "nat",
      "provider": "provider[\"registry.terraform.io/hashicorp/aws\"]",
      "instances": [
        {
          "index_key": 0,
          "schema_version": 0,
          "attributes": {
            "address": null,
            "allocation_id": "eipalloc-0368bae3e707c1ae6",
            "associate_with_private_ip": null,
            "association_id": "eipassoc-0841e5ac386631537",
            "carrier_ip": "",
            "customer_owned_ip": "",
            "customer_owned_ipv4_pool": "",
            "domain": "vpc",
            "id": "eipalloc-0368bae3e707c1ae6",
            "instance": "",
            "network_border_group": "us-east-1",
            "network_interface": "eni-05e506c85bad9848f",
            "private_dns": "ip-10-0-101-173.ec2.internal",
            "private_ip": "10.0.101.173",
            "public_dns": "ec2-3-234-29-107.compute-1.amazonaws.com",
            "public_ip": "3.234.29.107",
            "public_ipv4_pool": "amazon",
            "tags": {
              "Name": "elcy-dev-us-east-1a",
              "project_owner": "Appslab"
            },
            "tags_all": {
              "Name": "elcy-dev-us-east-1a",
              "environment": "dev",
              "project": "Every-shilling",
              "project_owner": "Appslab",
              "region": "us-east-1",
              "repo": "https://github.com/AppsLab-KE/backend-everyshilling-Terraform",
              "terraform": "true"
            },
            "timeouts": null,
            "vpc": true
          },
          "sensitive_attributes": [],
          "private": "eyJlMmJmYjczMC1lY2FhLTExZTYtOGY4OC0zNDM2M2JjN2M0YzAiOnsiZGVsZXRlIjoxODAwMDAwMDAwMDAsInJlYWQiOjkwMDAwMDAwMDAwMCwidXBkYXRlIjozMDAwMDAwMDAwMDB9fQ=="
        },
        {
          "index_key": 1,
          "schema_version": 0,
          "attributes": {
            "address": null,
            "allocation_id": "eipalloc-01b7f4a43d8b642a0",
            "associate_with_private_ip": null,
            "association_id": "eipassoc-0e2cffc99c7169663",
            "carrier_ip": "",
            "customer_owned_ip": "",
            "customer_owned_ipv4_pool": "",
            "domain": "vpc",
            "id": "eipalloc-01b7f4a43d8b642a0",
            "instance": "",
            "network_border_group": "us-east-1",
            "network_interface": "eni-0f3d720f85f8e6629",
            "private_dns": "ip-10-0-102-44.ec2.internal",
            "private_ip": "10.0.102.44",
            "public_dns": "ec2-54-225-174-132.compute-1.amazonaws.com",
            "public_ip": "54.225.174.132",
            "public_ipv4_pool": "amazon",
            "tags": {
              "Name": "elcy-dev-us-east-1b",
              "project_owner": "Appslab"
            },
            "tags_all": {
              "Name": "elcy-dev-us-east-1b",
              "environment": "dev",
              "project": "Every-shilling",
              "project_owner": "Appslab",
              "region": "us-east-1",
              "repo": "https://github.com/AppsLab-KE/backend-everyshilling-Terraform",
              "terraform": "true"
            },
            "timeouts": null,
            "vpc": true
          },
          "sensitive_attributes": [],
          "private": "eyJlMmJmYjczMC1lY2FhLTExZTYtOGY4OC0zNDM2M2JjN2M0YzAiOnsiZGVsZXRlIjoxODAwMDAwMDAwMDAsInJlYWQiOjkwMDAwMDAwMDAwMCwidXBkYXRlIjozMDAwMDAwMDAwMDB9fQ=="
        },
        {
          "index_key": 2,
          "schema_version": 0,
          "attributes": {
            "address": null,
            "allocation_id": "eipalloc-04bfa2bb944296197",
            "associate_with_private_ip": null,
            "association_id": "eipassoc-03f92b3548580f516",
            "carrier_ip": "",
            "customer_owned_ip": "",
            "customer_owned_ipv4_pool": "",
            "domain": "vpc",
            "id": "eipalloc-04bfa2bb944296197",
            "instance": "",
            "network_border_group": "us-east-1",
            "network_interface": "eni-0a86cde9258f2936c",
            "private_dns": "ip-10-0-103-212.ec2.internal",
            "private_ip": "10.0.103.212",
            "public_dns": "ec2-18-215-8-182.compute-1.amazonaws.com",
            "public_ip": "18.215.8.182",
            "public_ipv4_pool": "amazon",
            "tags": {
              "Name": "elcy-dev-us-east-1c",
              "project_owner": "Appslab"
            },
            "tags_all": {
              "Name": "elcy-dev-us-east-1c",
              "environment": "dev",
              "project": "Every-shilling",
              "project_owner": "Appslab",
              "region": "us-east-1",
              "repo": "https://github.com/AppsLab-KE/backend-everyshilling-Terraform",
              "terraform": "true"
            },
            "timeouts": null,
            "vpc": true
          },
          "sensitive_attributes": [],
          "private": "eyJlMmJmYjczMC1lY2FhLTExZTYtOGY4OC0zNDM2M2JjN2M0YzAiOnsiZGVsZXRlIjoxODAwMDAwMDAwMDAsInJlYWQiOjkwMDAwMDAwMDAwMCwidXBkYXRlIjozMDAwMDAwMDAwMDB9fQ=="
        }
      ]
    },
    {
      "module": "module.vpc",
      "mode": "managed",
      "type": "aws_internet_gateway",
      "name": "this",
      "provider": "provider[\"registry.terraform.io/hashicorp/aws\"]",
      "instances": [
        {
          "index_key": 0,
          "schema_version": 0,
          "attributes": {
            "arn": "arn:aws:ec2:us-east-1:540828511394:internet-gateway/igw-04c42833c977bdb8b",
            "id": "igw-04c42833c977bdb8b",
            "owner_id": "540828511394",
            "tags": {
              "Name": "elcy-dev",
              "project_owner": "Appslab"
            },
            "tags_all": {
              "Name": "elcy-dev",
              "environment": "dev",
              "project": "Every-shilling",
              "project_owner": "Appslab",
              "region": "us-east-1",
              "repo": "https://github.com/AppsLab-KE/backend-everyshilling-Terraform",
              "terraform": "true"
            },
            "timeouts": null,
            "vpc_id": "vpc-0b406d94bf4ca6dc8"
          },
          "sensitive_attributes": [],
          "private": "eyJlMmJmYjczMC1lY2FhLTExZTYtOGY4OC0zNDM2M2JjN2M0YzAiOnsiY3JlYXRlIjoxMjAwMDAwMDAwMDAwLCJkZWxldGUiOjEyMDAwMDAwMDAwMDAsInVwZGF0ZSI6MTIwMDAwMDAwMDAwMH19",
          "dependencies": [
            "module.vpc.aws_vpc.this",
            "module.vpc.aws_vpc_ipv4_cidr_block_association.this"
          ]
        }
      ]
    },
    {
      "module": "module.vpc",
      "mode": "managed",
      "type": "aws_nat_gateway",
      "name": "this",
      "provider": "provider[\"registry.terraform.io/hashicorp/aws\"]",
      "instances": [
        {
          "index_key": 0,
          "schema_version": 0,
          "attributes": {
            "allocation_id": "eipalloc-0368bae3e707c1ae6",
            "connectivity_type": "public",
            "id": "nat-01e3f41402164f7f2",
            "network_interface_id": "eni-05e506c85bad9848f",
            "private_ip": "10.0.101.173",
            "public_ip": "3.234.29.107",
            "subnet_id": "subnet-01e3af91da9cd6287",
            "tags": {
              "Name": "elcy-dev-us-east-1a",
              "project_owner": "Appslab"
            },
            "tags_all": {
              "Name": "elcy-dev-us-east-1a",
              "environment": "dev",
              "project": "Every-shilling",
              "project_owner": "Appslab",
              "region": "us-east-1",
              "repo": "https://github.com/AppsLab-KE/backend-everyshilling-Terraform",
              "terraform": "true"
            }
          },
          "sensitive_attributes": [],
          "private": "bnVsbA==",
          "dependencies": [
            "module.vpc.aws_eip.nat",
            "module.vpc.aws_internet_gateway.this",
            "module.vpc.aws_subnet.public",
            "module.vpc.aws_vpc.this",
            "module.vpc.aws_vpc_ipv4_cidr_block_association.this"
          ]
        },
        {
          "index_key": 1,
          "schema_version": 0,
          "attributes": {
            "allocation_id": "eipalloc-01b7f4a43d8b642a0",
            "connectivity_type": "public",
            "id": "nat-0efa0a3b26afc33fc",
            "network_interface_id": "eni-0f3d720f85f8e6629",
            "private_ip": "10.0.102.44",
            "public_ip": "54.225.174.132",
            "subnet_id": "subnet-011a56c214c7d7544",
            "tags": {
              "Name": "elcy-dev-us-east-1b",
              "project_owner": "Appslab"
            },
            "tags_all": {
              "Name": "elcy-dev-us-east-1b",
              "environment": "dev",
              "project": "Every-shilling",
              "project_owner": "Appslab",
              "region": "us-east-1",
              "repo": "https://github.com/AppsLab-KE/backend-everyshilling-Terraform",
              "terraform": "true"
            }
          },
          "sensitive_attributes": [],
          "private": "bnVsbA==",
          "dependencies": [
            "module.vpc.aws_eip.nat",
            "module.vpc.aws_internet_gateway.this",
            "module.vpc.aws_subnet.public",
            "module.vpc.aws_vpc.this",
            "module.vpc.aws_vpc_ipv4_cidr_block_association.this"
          ]
        },
        {
          "index_key": 2,
          "schema_version": 0,
          "attributes": {
            "allocation_id": "eipalloc-04bfa2bb944296197",
            "connectivity_type": "public",
            "id": "nat-0dbce61d910e0c688",
            "network_interface_id": "eni-0a86cde9258f2936c",
            "private_ip": "10.0.103.212",
            "public_ip": "18.215.8.182",
            "subnet_id": "subnet-08e9593f04c89e893",
            "tags": {
              "Name": "elcy-dev-us-east-1c",
              "project_owner": "Appslab"
            },
            "tags_all": {
              "Name": "elcy-dev-us-east-1c",
              "environment": "dev",
              "project": "Every-shilling",
              "project_owner": "Appslab",
              "region": "us-east-1",
              "repo": "https://github.com/AppsLab-KE/backend-everyshilling-Terraform",
              "terraform": "true"
            }
          },
          "sensitive_attributes": [],
          "private": "bnVsbA==",
          "dependencies": [
            "module.vpc.aws_eip.nat",
            "module.vpc.aws_internet_gateway.this",
            "module.vpc.aws_subnet.public",
            "module.vpc.aws_vpc.this",
            "module.vpc.aws_vpc_ipv4_cidr_block_association.this"
          ]
        }
      ]
    },
    {
      "module": "module.vpc",
      "mode": "managed",
      "type": "aws_subnet",
      "name": "public",
      "provider": "provider[\"registry.terraform.io/hashicorp/aws\"]",
      "instances": [
        {
          "index_key": 0,
          "schema_version": 1,
          "attributes": {
            "arn": "arn:aws:ec2:us-east-1:540828511394:subnet/subnet-01e3af91da9cd6287",
            "assign_ipv6_address_on_creation": false,
            "availability_zone": "us-east-1a",
            "availability_zone_id": "use1-az6",
            "cidr_block": "10.0.101.0/24",
            "customer_owned_ipv4_pool": "",
            "enable_dns64": false,
            "enable_resource_name_dns_a_record_on_launch": false,
            "enable_resource_name_dns_aaaa_record_on_launch": false,
            "id": "subnet-01e3af91da9cd6287",
            "ipv6_cidr_block": "",
            "ipv6_cidr_block_association_id": "",
            "ipv6_native": false,
            "map_customer_owned_ip_on_launch": false,
            "map_public_ip_on_launch": true,
            "outpost_arn": "",
            "owner_id": "540828511394",
            "private_dns_hostname_type_on_launch": "ip-name",
            "tags": {
              "Name": "elcy-dev-public-us-east-1a",
              "project_owner": "Appslab"
            },
            "tags_all": {
              "Name": "elcy-dev-public-us-east-1a",
              "environment": "dev",
              "project": "Every-shilling",
              "project_owner": "Appslab",
              "region": "us-east-1",
              "repo": "https://github.com/AppsLab-KE/backend-everyshilling-Terraform",
              "terraform": "true"
            },
            "timeouts": null,
            "vpc_id": "vpc-0b406d94bf4ca6dc8"
          },
          "sensitive_attributes": [],
          "private": "eyJlMmJmYjczMC1lY2FhLTExZTYtOGY4OC0zNDM2M2JjN2M0YzAiOnsiY3JlYXRlIjo2MDAwMDAwMDAwMDAsImRlbGV0ZSI6MTIwMDAwMDAwMDAwMH0sInNjaGVtYV92ZXJzaW9uIjoiMSJ9",
          "dependencies": [
            "module.vpc.aws_vpc.this",
            "module.vpc.aws_vpc_ipv4_cidr_block_association.this"
          ]
        },
        {
          "index_key": 1,
          "schema_version": 1,
          "attributes": {
            "arn": "arn:aws:ec2:us-east-1:540828511394:subnet/subnet-011a56c214c7d7544",
            "assign_ipv6_address_on_creation": false,
            "availability_zone": "us-east-1b",
            "availability_zone_id": "use1-az1",
            "cidr_block": "10.0.102.0/24",
            "customer_owned_ipv4_pool": "",
            "enable_dns64": false,
            "enable_resource_name_dns_a_record_on_launch": false,
            "enable_resource_name_dns_aaaa_record_on_launch": false,
            "id": "subnet-011a56c214c7d7544",
            "ipv6_cidr_block": "",
            "ipv6_cidr_block_association_id": "",
            "ipv6_native": false,
            "map_customer_owned_ip_on_launch": false,
            "map_public_ip_on_launch": true,
            "outpost_arn": "",
            "owner_id": "540828511394",
            "private_dns_hostname_type_on_launch": "ip-name",
            "tags": {
              "Name": "elcy-dev-public-us-east-1b",
              "project_owner": "Appslab"
            },
            "tags_all": {
              "Name": "elcy-dev-public-us-east-1b",
              "environment": "dev",
              "project": "Every-shilling",
              "project_owner": "Appslab",
              "region": "us-east-1",
              "repo": "https://github.com/AppsLab-KE/backend-everyshilling-Terraform",
              "terraform": "true"
            },
            "timeouts": null,
            "vpc_id": "vpc-0b406d94bf4ca6dc8"
          },
          "sensitive_attributes": [],
          "private": "eyJlMmJmYjczMC1lY2FhLTExZTYtOGY4OC0zNDM2M2JjN2M0YzAiOnsiY3JlYXRlIjo2MDAwMDAwMDAwMDAsImRlbGV0ZSI6MTIwMDAwMDAwMDAwMH0sInNjaGVtYV92ZXJzaW9uIjoiMSJ9",
          "dependencies": [
            "module.vpc.aws_vpc.this",
            "module.vpc.aws_vpc_ipv4_cidr_block_association.this"
          ]
        },
        {
          "index_key": 2,
          "schema_version": 1,
          "attributes": {
            "arn": "arn:aws:ec2:us-east-1:540828511394:subnet/subnet-08e9593f04c89e893",
            "assign_ipv6_address_on_creation": false,
            "availability_zone": "us-east-1c",
            "availability_zone_id": "use1-az2",
            "cidr_block": "10.0.103.0/24",
            "customer_owned_ipv4_pool": "",
            "enable_dns64": false,
            "enable_resource_name_dns_a_record_on_launch": false,
            "enable_resource_name_dns_aaaa_record_on_launch": false,
            "id": "subnet-08e9593f04c89e893",
            "ipv6_cidr_block": "",
            "ipv6_cidr_block_association_id": "",
            "ipv6_native": false,
            "map_customer_owned_ip_on_launch": false,
            "map_public_ip_on_launch": true,
            "outpost_arn": "",
            "owner_id": "540828511394",
            "private_dns_hostname_type_on_launch": "ip-name",
            "tags": {
              "Name": "elcy-dev-public-us-east-1c",
              "project_owner": "Appslab"
            },
            "tags_all": {
              "Name": "elcy-dev-public-us-east-1c",
              "environment": "dev",
              "project": "Every-shilling",
              "project_owner": "Appslab",
              "region": "us-east-1",
              "repo": "https://github.com/AppsLab-KE/backend-everyshilling-Terraform",
              "terraform": "true"
            },
            "timeouts": null,
            "vpc_id": "vpc-0b406d94bf4ca6dc8"
          },
          "sensitive_attributes": [],
          "private": "eyJlMmJmYjczMC1lY2FhLTExZTYtOGY4OC0zNDM2M2JjN2M0YzAiOnsiY3JlYXRlIjo2MDAwMDAwMDAwMDAsImRlbGV0ZSI6MTIwMDAwMDAwMDAwMH0sInNjaGVtYV92ZXJzaW9uIjoiMSJ9",
          "dependencies": [
            "module.vpc.aws_vpc.this",
            "module.vpc.aws_vpc_ipv4_cidr_block_association.this"
          ]
        }
      ]
    },
    {
      "module": "module.vpc",
      "mode": "managed",
      "type": "aws_vpc",
      "name": "this",
      "provider": "provider[\"registry.terraform.io/hashicorp/aws\"]",
      "instances": [
        {
          "index_key": 0,
          "schema_version": 1,
          "attributes": {
            "arn": "arn:aws:ec2:us-east-1:540828511394:vpc/vpc-0b406d94bf4ca6dc8",
            "assign_generated_ipv6_cidr_block": false,
            "cidr_block": "10.0.0.0/16",
            "default_network_acl_id": "acl-05749dfe5d9c129cf",
            "default_route_table_id": "rtb-0db1302fea11dc0f5",
            "default_security_group_id": "sg-0a877f93f5dc3ab81",
            "dhcp_options_id": "dopt-92151ae9",
            "enable_classiclink": false,
            "enable_classiclink_dns_support": false,
            "enable_dns_hostnames": false,
            "enable_dns_support": true,
            "enable_network_address_usage_metrics": false,
            "id": "vpc-0b406d94bf4ca6dc8",
            "instance_tenancy": "default",
            "ipv4_ipam_pool_id": null,
            "ipv4_netmask_length": null,
            "ipv6_association_id": "",
            "ipv6_cidr_block": "",
            "ipv6_cidr_block_network_border_group": "",
            "ipv6_ipam_pool_id": "",
            "ipv6_netmask_length": 0,
            "main_route_table_id": "rtb-0db1302fea11dc0f5",
            "owner_id": "540828511394",
            "tags": {
              "Name": "elcy-dev",
              "project_owner": "Appslab"
            },
            "tags_all": {
              "Name": "elcy-dev",
              "environment": "dev",
              "project": "Every-shilling",
              "project_owner": "Appslab",
              "region": "us-east-1",
              "repo": "https://github.com/AppsLab-KE/backend-everyshilling-Terraform",
              "terraform": "true"
            }
          },
          "sensitive_attributes": [],
          "private": "eyJzY2hlbWFfdmVyc2lvbiI6IjEifQ==",
          "create_before_destroy": true
        }
      ]
    }
  ],
  "check_results": null
}
